{
  "pins" : [
    {
      "identity" : "cocoaasyncsocket",
      "kind" : "remoteSourceControl",
      "location" : "https://github.com/robbiehanson/CocoaAsyncSocket",
      "state" : {
        "revision" : "dbdc00669c1ced63b27c3c5f052ee4d28f10150c",
        "version" : "7.6.5"
      }
    },
    {
      "identity" : "jwtdecode.swift",
      "kind" : "remoteSourceControl",
      "location" : "https://github.com/auth0/JWTDecode.swift",
      "state" : {
        "revision" : "3cd207fb9e943b6168a117baa3936c823204c2dc",
        "version" : "2.6.3"
      }
    },
    {
      "identity" : "sharedcomponents",
      "kind" : "remoteSourceControl",
      "location" : "https://github.com/K3TZR/SharedComponents.git",
      "state" : {
        "revision" : "4e896b858638f565ac3dce5c282e95bcdd8bc216",
        "version" : "1.2.1"
      }
    },
    {
      "identity" : "swift-collections",
      "kind" : "remoteSourceControl",
      "location" : "https://github.com/apple/swift-collections",
      "state" : {
        "revision" : "f504716c27d2e5d4144fa4794b12129301d17729",
        "version" : "1.0.3"
      }
    },
    {
      "identity" : "swift-identified-collections",
      "kind" : "remoteSourceControl",
      "location" : "https://github.com/pointfreeco/swift-identified-collections",
      "state" : {
        "revision" : "a08887de589e3829d488e0b4b707b2ca804b1060",
        "version" : "0.5.0"
      }
    }
  ],
  "version" : 2
}
